
Microsoft Visual Studio Solution File, Format Version 12.00
# Visual Studio Version 17
VisualStudioVersion = 17.14.36327.8 d17.14
MinimumVisualStudioVersion = 10.0.40219.1
Project("{FAE04EC0-301F-11D3-BF4B-00C04F79EFBC}") = "ListaDeCompras", "ListaDeCompras\ListaDeCompras.csproj", "{ECD001DA-1773-43AA-829B-C176EE5812A9}"
EndProject
Global
	GlobalSection(SolutionConfigurationPlatforms) = preSolution
		Debug|Any CPU = Debug|Any CPU
		Release|Any CPU = Release|Any CPU
	EndGlobalSection
	GlobalSection(ProjectConfigurationPlatforms) = postSolution
		{ECD001DA-1773-43AA-829B-C176EE5812A9}.Debug|Any CPU.ActiveCfg = Debug|Any CPU
		{ECD001DA-1773-43AA-829B-C176EE5812A9}.Debug|Any CPU.Build.0 = Debug|Any CPU
		{ECD001DA-1773-43AA-829B-C176EE5812A9}.Release|Any CPU.ActiveCfg = Release|Any CPU
		{ECD001DA-1773-43AA-829B-C176EE5812A9}.Release|Any CPU.Build.0 = Release|Any CPU
	EndGlobalSection
	GlobalSection(SolutionProperties) = preSolution
		HideSolutionNode = FALSE
	EndGlobalSection
	GlobalSection(ExtensibilityGlobals) = postSolution
		SolutionGuid = {C40E4C7A-F6E2-4622-B8B7-777D0034E3F4}
	EndGlobalSection
EndGlobal
